// !$*UTF8*$!
{
	archiveVersion = 1;
	classes = {
	};
	objectVersion = 56;
	objects = {

/* Begin PBXBuildFile section */
		77C4E82B2CD4AAC100AD3108 /* Assets.xcassets in Resources */ = {isa = PBXBuildFile; fileRef = 77C4E82A2CD4AAC100AD3108 /* Assets.xcassets */; };
		77C4E8382CD4AAC100AD3108 /* BarcodeScannerAppTests.swift in Sources */ = {isa = PBXBuildFile; fileRef = 77C4E8372CD4AAC100AD3108 /* BarcodeScannerAppTests.swift */; };
		77C4E8422CD4AAC100AD3108 /* BarcodeScannerAppUITests.swift in Sources */ = {isa = PBXBuildFile; fileRef = 77C4E8412CD4AAC100AD3108 /* BarcodeScannerAppUITests.swift */; };
		77C4E8442CD4AAC100AD3108 /* BarcodeScannerAppUITestsLaunchTests.swift in Sources */ = {isa = PBXBuildFile; fileRef = 77C4E8432CD4AAC100AD3108 /* BarcodeScannerAppUITestsLaunchTests.swift */; };
		77C4E8662CD5C92100AD3108 /* Alert.swift in Sources */ = {isa = PBXBuildFile; fileRef = 77C4E8592CD5C92100AD3108 /* Alert.swift */; };
		77C4E8672CD5C92100AD3108 /* Preview Assets.xcassets in Resources */ = {isa = PBXBuildFile; fileRef = 77C4E85B2CD5C92100AD3108 /* Preview Assets.xcassets */; };
		77C4E8682CD5C92100AD3108 /* BarcodeScannerView.swift in Sources */ = {isa = PBXBuildFile; fileRef = 77C4E85D2CD5C92100AD3108 /* BarcodeScannerView.swift */; };
		77C4E8692CD5C92100AD3108 /* BarcodeScannerViewModel.swift in Sources */ = {isa = PBXBuildFile; fileRef = 77C4E85E2CD5C92100AD3108 /* BarcodeScannerViewModel.swift */; };
		77C4E86A2CD5C92100AD3108 /* BarcodeScannerApp.swift in Sources */ = {isa = PBXBuildFile; fileRef = 77C4E8612CD5C92100AD3108 /* BarcodeScannerApp.swift */; };
		77C4E86B2CD5C92100AD3108 /* ScannerVC.swift in Sources */ = {isa = PBXBuildFile; fileRef = 77C4E8622CD5C92100AD3108 /* ScannerVC.swift */; };
		77C4E86C2CD5C92100AD3108 /* ScannerView.swift in Sources */ = {isa = PBXBuildFile; fileRef = 77C4E8632CD5C92100AD3108 /* ScannerView.swift */; };
/* End PBXBuildFile section */

/* Begin PBXContainerItemProxy section */
		77C4E8342CD4AAC100AD3108 /* PBXContainerItemProxy */ = {
			isa = PBXContainerItemProxy;
			containerPortal = 77C4E81B2CD4AAC000AD3108 /* Project object */;
			proxyType = 1;
			remoteGlobalIDString = 77C4E8222CD4AAC000AD3108;
			remoteInfo = BarcodeScannerApp;
		};
		77C4E83E2CD4AAC100AD3108 /* PBXContainerItemProxy */ = {
			isa = PBXContainerItemProxy;
			containerPortal = 77C4E81B2CD4AAC000AD3108 /* Project object */;
			proxyType = 1;
			remoteGlobalIDString = 77C4E8222CD4AAC000AD3108;
			remoteInfo = BarcodeScannerApp;
		};
/* End PBXContainerItemProxy section */

/* Begin PBXFileReference section */
		77C4E8232CD4AAC000AD3108 /* BarcodeScannerApp.app */ = {isa = PBXFileReference; explicitFileType = wrapper.application; includeInIndex = 0; path = BarcodeScannerApp.app; sourceTree = BUILT_PRODUCTS_DIR; };
		77C4E82A2CD4AAC100AD3108 /* Assets.xcassets */ = {isa = PBXFileReference; lastKnownFileType = folder.assetcatalog; path = Assets.xcassets; sourceTree = "<group>"; };
		77C4E8332CD4AAC100AD3108 /* BarcodeScannerAppTests.xctest */ = {isa = PBXFileReference; explicitFileType = wrapper.cfbundle; includeInIndex = 0; path = BarcodeScannerAppTests.xctest; sourceTree = BUILT_PRODUCTS_DIR; };
		77C4E8372CD4AAC100AD3108 /* BarcodeScannerAppTests.swift */ = {isa = PBXFileReference; lastKnownFileType = sourcecode.swift; path = BarcodeScannerAppTests.swift; sourceTree = "<group>"; };
		77C4E83D2CD4AAC100AD3108 /* BarcodeScannerAppUITests.xctest */ = {isa = PBXFileReference; explicitFileType = wrapper.cfbundle; includeInIndex = 0; path = BarcodeScannerAppUITests.xctest; sourceTree = BUILT_PRODUCTS_DIR; };
		77C4E8412CD4AAC100AD3108 /* BarcodeScannerAppUITests.swift */ = {isa = PBXFileReference; lastKnownFileType = sourcecode.swift; path = BarcodeScannerAppUITests.swift; sourceTree = "<group>"; };
		77C4E8432CD4AAC100AD3108 /* BarcodeScannerAppUITestsLaunchTests.swift */ = {isa = PBXFileReference; lastKnownFileType = sourcecode.swift; path = BarcodeScannerAppUITestsLaunchTests.swift; sourceTree = "<group>"; };
		77C4E8592CD5C92100AD3108 /* Alert.swift */ = {isa = PBXFileReference; fileEncoding = 4; lastKnownFileType = sourcecode.swift; path = Alert.swift; sourceTree = "<group>"; };
		77C4E85B2CD5C92100AD3108 /* Preview Assets.xcassets */ = {isa = PBXFileReference; lastKnownFileType = folder.assetcatalog; path = "Preview Assets.xcassets"; sourceTree = "<group>"; };
		77C4E85D2CD5C92100AD3108 /* BarcodeScannerView.swift */ = {isa = PBXFileReference; fileEncoding = 4; lastKnownFileType = sourcecode.swift; path = BarcodeScannerView.swift; sourceTree = "<group>"; };
		77C4E85E2CD5C92100AD3108 /* BarcodeScannerViewModel.swift */ = {isa = PBXFileReference; fileEncoding = 4; lastKnownFileType = sourcecode.swift; path = BarcodeScannerViewModel.swift; sourceTree = "<group>"; };
		77C4E8612CD5C92100AD3108 /* BarcodeScannerApp.swift */ = {isa = PBXFileReference; fileEncoding = 4; lastKnownFileType = sourcecode.swift; path = BarcodeScannerApp.swift; sourceTree = "<group>"; };
		77C4E8622CD5C92100AD3108 /* ScannerVC.swift */ = {isa = PBXFileReference; fileEncoding = 4; lastKnownFileType = sourcecode.swift; path = ScannerVC.swift; sourceTree = "<group>"; };
		77C4E8632CD5C92100AD3108 /* ScannerView.swift */ = {isa = PBXFileReference; fileEncoding = 4; lastKnownFileType = sourcecode.swift; path = ScannerView.swift; sourceTree = "<group>"; };
/* End PBXFileReference section */

/* Begin PBXFrameworksBuildPhase section */
		77C4E8202CD4AAC000AD3108 /* Frameworks */ = {
			isa = PBXFrameworksBuildPhase;
			buildActionMask = 2147483647;
			files = (
			);
			runOnlyForDeploymentPostprocessing = 0;
		};
		77C4E8302CD4AAC100AD3108 /* Frameworks */ = {
			isa = PBXFrameworksBuildPhase;
			buildActionMask = 2147483647;
			files = (
			);
			runOnlyForDeploymentPostprocessing = 0;
		};
		77C4E83A2CD4AAC100AD3108 /* Frameworks */ = {
			isa = PBXFrameworksBuildPhase;
			buildActionMask = 2147483647;
			files = (
			);
			runOnlyForDeploymentPostprocessing = 0;
		};
/* End PBXFrameworksBuildPhase section */

/* Begin PBXGroup section */
		77C4E81A2CD4AAC000AD3108 = {
			isa = PBXGroup;
			children = (
				77C4E8252CD4AAC000AD3108 /* BarcodeScannerApp */,
				77C4E8362CD4AAC100AD3108 /* BarcodeScannerAppTests */,
				77C4E8402CD4AAC100AD3108 /* BarcodeScannerAppUITests */,
				77C4E8242CD4AAC000AD3108 /* Products */,
			);
			sourceTree = "<group>";
		};
		77C4E8242CD4AAC000AD3108 /* Products */ = {
			isa = PBXGroup;
			children = (
				77C4E8232CD4AAC000AD3108 /* BarcodeScannerApp.app */,
				77C4E8332CD4AAC100AD3108 /* BarcodeScannerAppTests.xctest */,
				77C4E83D2CD4AAC100AD3108 /* BarcodeScannerAppUITests.xctest */,
			);
			name = Products;
			sourceTree = "<group>";
		};
		77C4E8252CD4AAC000AD3108 /* BarcodeScannerApp */ = {
			isa = PBXGroup;
			children = (
				77C4E8612CD5C92100AD3108 /* BarcodeScannerApp.swift */,
				77C4E85C2CD5C92100AD3108 /* Preview Content */,
				77C4E8602CD5C92100AD3108 /* Screens */,
				77C4E85A2CD5C92100AD3108 /* Utilities */,
				77C4E8652CD5C92100AD3108 /* Views */,
				77C4E82A2CD4AAC100AD3108 /* Assets.xcassets */,
			);
			path = BarcodeScannerApp;
			sourceTree = "<group>";
		};
		77C4E8362CD4AAC100AD3108 /* BarcodeScannerAppTests */ = {
			isa = PBXGroup;
			children = (
				77C4E8372CD4AAC100AD3108 /* BarcodeScannerAppTests.swift */,
			);
			path = BarcodeScannerAppTests;
			sourceTree = "<group>";
		};
		77C4E8402CD4AAC100AD3108 /* BarcodeScannerAppUITests */ = {
			isa = PBXGroup;
			children = (
				77C4E8412CD4AAC100AD3108 /* BarcodeScannerAppUITests.swift */,
				77C4E8432CD4AAC100AD3108 /* BarcodeScannerAppUITestsLaunchTests.swift */,
			);
			path = BarcodeScannerAppUITests;
			sourceTree = "<group>";
		};
		77C4E85A2CD5C92100AD3108 /* Utilities */ = {
			isa = PBXGroup;
			children = (
				77C4E8592CD5C92100AD3108 /* Alert.swift */,
			);
			path = Utilities;
			sourceTree = "<group>";
		};
		77C4E85C2CD5C92100AD3108 /* Preview Content */ = {
			isa = PBXGroup;
			children = (
				77C4E85B2CD5C92100AD3108 /* Preview Assets.xcassets */,
			);
			path = "Preview Content";
			sourceTree = "<group>";
		};
		77C4E85F2CD5C92100AD3108 /* BarcodeScanner */ = {
			isa = PBXGroup;
			children = (
				77C4E85D2CD5C92100AD3108 /* BarcodeScannerView.swift */,
				77C4E85E2CD5C92100AD3108 /* BarcodeScannerViewModel.swift */,
			);
			path = BarcodeScanner;
			sourceTree = "<group>";
		};
		77C4E8602CD5C92100AD3108 /* Screens */ = {
			isa = PBXGroup;
			children = (
				77C4E85F2CD5C92100AD3108 /* BarcodeScanner */,
			);
			path = Screens;
			sourceTree = "<group>";
		};
		77C4E8642CD5C92100AD3108 /* UIKit Components */ = {
			isa = PBXGroup;
			children = (
				77C4E8622CD5C92100AD3108 /* ScannerVC.swift */,
				77C4E8632CD5C92100AD3108 /* ScannerView.swift */,
			);
			path = "UIKit Components";
			sourceTree = "<group>";
		};
		77C4E8652CD5C92100AD3108 /* Views */ = {
			isa = PBXGroup;
			children = (
				77C4E8642CD5C92100AD3108 /* UIKit Components */,
			);
			path = Views;
			sourceTree = "<group>";
		};
/* End PBXGroup section */

/* Begin PBXNativeTarget section */
		77C4E8222CD4AAC000AD3108 /* BarcodeScannerApp */ = {
			isa = PBXNativeTarget;
			buildConfigurationList = 77C4E8472CD4AAC100AD3108 /* Build configuration list for PBXNativeTarget "BarcodeScannerApp" */;
			buildPhases = (
				77C4E81F2CD4AAC000AD3108 /* Sources */,
				77C4E8202CD4AAC000AD3108 /* Frameworks */,
				77C4E8212CD4AAC000AD3108 /* Resources */,
			);
			buildRules = (
			);
			dependencies = (
			);
			name = BarcodeScannerApp;
			productName = BarcodeScannerApp;
			productReference = 77C4E8232CD4AAC000AD3108 /* BarcodeScannerApp.app */;
			productType = "com.apple.product-type.application";
		};
		77C4E8322CD4AAC100AD3108 /* BarcodeScannerAppTests */ = {
			isa = PBXNativeTarget;
			buildConfigurationList = 77C4E84A2CD4AAC100AD3108 /* Build configuration list for PBXNativeTarget "BarcodeScannerAppTests" */;
			buildPhases = (
				77C4E82F2CD4AAC100AD3108 /* Sources */,
				77C4E8302CD4AAC100AD3108 /* Frameworks */,
				77C4E8312CD4AAC100AD3108 /* Resources */,
			);
			buildRules = (
			);
			dependencies = (
				77C4E8352CD4AAC100AD3108 /* PBXTargetDependency */,
			);
			name = BarcodeScannerAppTests;
			productName = BarcodeScannerAppTests;
			productReference = 77C4E8332CD4AAC100AD3108 /* BarcodeScannerAppTests.xctest */;
			productType = "com.apple.product-type.bundle.unit-test";
		};
		77C4E83C2CD4AAC100AD3108 /* BarcodeScannerAppUITests */ = {
			isa = PBXNativeTarget;
			buildConfigurationList = 77C4E84D2CD4AAC100AD3108 /* Build configuration list for PBXNativeTarget "BarcodeScannerAppUITests" */;
			buildPhases = (
				77C4E8392CD4AAC100AD3108 /* Sources */,
				77C4E83A2CD4AAC100AD3108 /* Frameworks */,
				77C4E83B2CD4AAC100AD3108 /* Resources */,
			);
			buildRules = (
			);
			dependencies = (
				77C4E83F2CD4AAC100AD3108 /* PBXTargetDependency */,
			);
			name = BarcodeScannerAppUITests;
			productName = BarcodeScannerAppUITests;
			productReference = 77C4E83D2CD4AAC100AD3108 /* BarcodeScannerAppUITests.xctest */;
			productType = "com.apple.product-type.bundle.ui-testing";
		};
/* End PBXNativeTarget section */

/* Begin PBXProject section */
		77C4E81B2CD4AAC000AD3108 /* Project object */ = {
			isa = PBXProject;
			attributes = {
				BuildIndependentTargetsInParallel = 1;
				LastSwiftUpdateCheck = 1540;
				LastUpgradeCheck = 1540;
				TargetAttributes = {
					77C4E8222CD4AAC000AD3108 = {
						CreatedOnToolsVersion = 15.4;
						LastSwiftMigration = 1540;
					};
					77C4E8322CD4AAC100AD3108 = {
						CreatedOnToolsVersion = 15.4;
						TestTargetID = 77C4E8222CD4AAC000AD3108;
					};
					77C4E83C2CD4AAC100AD3108 = {
						CreatedOnToolsVersion = 15.4;
						TestTargetID = 77C4E8222CD4AAC000AD3108;
					};
				};
			};
			buildConfigurationList = 77C4E81E2CD4AAC000AD3108 /* Build configuration list for PBXProject "BarcodeScannerApp" */;
			compatibilityVersion = "Xcode 14.0";
			developmentRegion = en;
			hasScannedForEncodings = 0;
			knownRegions = (
				en,
				Base,
			);
			mainGroup = 77C4E81A2CD4AAC000AD3108;
			productRefGroup = 77C4E8242CD4AAC000AD3108 /* Products */;
			projectDirPath = "";
			projectRoot = "";
			targets = (
				77C4E8222CD4AAC000AD3108 /* BarcodeScannerApp */,
				77C4E8322CD4AAC100AD3108 /* BarcodeScannerAppTests */,
				77C4E83C2CD4AAC100AD3108 /* BarcodeScannerAppUITests */,
			);
		};
/* End PBXProject section */

/* Begin PBXResourcesBuildPhase section */
		77C4E8212CD4AAC000AD3108 /* Resources */ = {
			isa = PBXResourcesBuildPhase;
			buildActionMask = 2147483647;
			files = (
				77C4E8672CD5C92100AD3108 /* Preview Assets.xcassets in Resources */,
				77C4E82B2CD4AAC100AD3108 /* Assets.xcassets in Resources */,
			);
			runOnlyForDeploymentPostprocessing = 0;
		};
		77C4E8312CD4AAC100AD3108 /* Resources */ = {
			isa = PBXResourcesBuildPhase;
			buildActionMask = 2147483647;
			files = (
			);
			runOnlyForDeploymentPostprocessing = 0;
		};
		77C4E83B2CD4AAC100AD3108 /* Resources */ = {
			isa = PBXResourcesBuildPhase;
			buildActionMask = 2147483647;
			files = (
			);
			runOnlyForDeploymentPostprocessing = 0;
		};
/* End PBXResourcesBuildPhase section */

/* Begin PBXSourcesBuildPhase section */
		77C4E81F2CD4AAC000AD3108 /* Sources */ = {
			isa = PBXSourcesBuildPhase;
			buildActionMask = 2147483647;
			files = (
				77C4E86B2CD5C92100AD3108 /* ScannerVC.swift in Sources */,
				77C4E8692CD5C92100AD3108 /* BarcodeScannerViewModel.swift in Sources */,
				77C4E86A2CD5C92100AD3108 /* BarcodeScannerApp.swift in Sources */,
				77C4E86C2CD5C92100AD3108 /* ScannerView.swift in Sources */,
				77C4E8682CD5C92100AD3108 /* BarcodeScannerView.swift in Sources */,
				77C4E8662CD5C92100AD3108 /* Alert.swift in Sources */,
			);
			runOnlyForDeploymentPostprocessing = 0;
		};
		77C4E82F2CD4AAC100AD3108 /* Sources */ = {
			isa = PBXSourcesBuildPhase;
			buildActionMask = 2147483647;
			files = (
				77C4E8382CD4AAC100AD3108 /* BarcodeScannerAppTests.swift in Sources */,
			);
			runOnlyForDeploymentPostprocessing = 0;
		};
		77C4E8392CD4AAC100AD3108 /* Sources */ = {
			isa = PBXSourcesBuildPhase;
			buildActionMask = 2147483647;
			files = (
				77C4E8442CD4AAC100AD3108 /* BarcodeScannerAppUITestsLaunchTests.swift in Sources */,
				77C4E8422CD4AAC100AD3108 /* BarcodeScannerAppUITests.swift in Sources */,
			);
			runOnlyForDeploymentPostprocessing = 0;
		};
/* End PBXSourcesBuildPhase section */

/* Begin PBXTargetDependency section */
		77C4E8352CD4AAC100AD3108 /* PBXTargetDependency */ = {
			isa = PBXTargetDependency;
			target = 77C4E8222CD4AAC000AD3108 /* BarcodeScannerApp */;
			targetProxy = 77C4E8342CD4AAC100AD3108 /* PBXContainerItemProxy */;
		};
		77C4E83F2CD4AAC100AD3108 /* PBXTargetDependency */ = {
			isa = PBXTargetDependency;
			target = 77C4E8222CD4AAC000AD3108 /* BarcodeScannerApp */;
			targetProxy = 77C4E83E2CD4AAC100AD3108 /* PBXContainerItemProxy */;
		};
/* End PBXTargetDependency section */

/* Begin XCBuildConfiguration section */
		77C4E8452CD4AAC100AD3108 /* Debug */ = {
			isa = XCBuildConfiguration;
			buildSettings = {
				ALWAYS_SEARCH_USER_PATHS = NO;
				ASSETCATALOG_COMPILER_GENERATE_SWIFT_ASSET_SYMBOL_EXTENSIONS = YES;
				CLANG_ANALYZER_NONNULL = YES;
				CLANG_ANALYZER_NUMBER_OBJECT_CONVERSION = YES_AGGRESSIVE;
				CLANG_CXX_LANGUAGE_STANDARD = "gnu++20";
				CLANG_ENABLE_MODULES = YES;
				CLANG_ENABLE_OBJC_ARC = YES;
				CLANG_ENABLE_OBJC_WEAK = YES;
				CLANG_WARN_BLOCK_CAPTURE_AUTORELEASING = YES;
				CLANG_WARN_BOOL_CONVERSION = YES;
				CLANG_WARN_COMMA = YES;
				CLANG_WARN_CONSTANT_CONVERSION = YES;
				CLANG_WARN_DEPRECATED_OBJC_IMPLEMENTATIONS = YES;
				CLANG_WARN_DIRECT_OBJC_ISA_USAGE = YES_ERROR;
				CLANG_WARN_DOCUMENTATION_COMMENTS = YES;
				CLANG_WARN_EMPTY_BODY = YES;
				CLANG_WARN_ENUM_CONVERSION = YES;
				CLANG_WARN_INFINITE_RECURSION = YES;
				CLANG_WARN_INT_CONVERSION = YES;
				CLANG_WARN_NON_LITERAL_NULL_CONVERSION = YES;
				CLANG_WARN_OBJC_IMPLICIT_RETAIN_SELF = YES;
				CLANG_WARN_OBJC_LITERAL_CONVERSION = YES;
				CLANG_WARN_OBJC_ROOT_CLASS = YES_ERROR;
				CLANG_WARN_QUOTED_INCLUDE_IN_FRAMEWORK_HEADER = YES;
				CLANG_WARN_RANGE_LOOP_ANALYSIS = YES;
				CLANG_WARN_STRICT_PROTOTYPES = YES;
				CLANG_WARN_SUSPICIOUS_MOVE = YES;
				CLANG_WARN_UNGUARDED_AVAILABILITY = YES_AGGRESSIVE;
				CLANG_WARN_UNREACHABLE_CODE = YES;
				CLANG_WARN__DUPLICATE_METHOD_MATCH = YES;
				COPY_PHASE_STRIP = NO;
				DEBUG_INFORMATION_FORMAT = dwarf;
				ENABLE_STRICT_OBJC_MSGSEND = YES;
				ENABLE_TESTABILITY = YES;
				ENABLE_USER_SCRIPT_SANDBOXING = YES;
				GCC_C_LANGUAGE_STANDARD = gnu17;
				GCC_DYNAMIC_NO_PIC = NO;
				GCC_NO_COMMON_BLOCKS = YES;
				GCC_OPTIMIZATION_LEVEL = 0;
				GCC_PREPROCESSOR_DEFINITIONS = (
					"DEBUG=1",
					"$(inherited)",
				);
				GCC_WARN_64_TO_32_BIT_CONVERSION = YES;
				GCC_WARN_ABOUT_RETURN_TYPE = YES_ERROR;
				GCC_WARN_UNDECLARED_SELECTOR = YES;
				GCC_WARN_UNINITIALIZED_AUTOS = YES_AGGRESSIVE;
				GCC_WARN_UNUSED_FUNCTION = YES;
				GCC_WARN_UNUSED_VARIABLE = YES;
				IPHONEOS_DEPLOYMENT_TARGET = 17.5;
				LOCALIZATION_PREFERS_STRING_CATALOGS = YES;
				MTL_ENABLE_DEBUG_INFO = INCLUDE_SOURCE;
				MTL_FAST_MATH = YES;
				ONLY_ACTIVE_ARCH = YES;
				SDKROOT = iphoneos;
				SWIFT_ACTIVE_COMPILATION_CONDITIONS = "DEBUG $(inherited)";
				SWIFT_OPTIMIZATION_LEVEL = "-Onone";
			};
			name = Debug;
		};
		77C4E8462CD4AAC100AD3108 /* Release */ = {
			isa = XCBuildConfiguration;
			buildSettings = {
				ALWAYS_SEARCH_USER_PATHS = NO;
				ASSETCATALOG_COMPILER_GENERATE_SWIFT_ASSET_SYMBOL_EXTENSIONS = YES;
				CLANG_ANALYZER_NONNULL = YES;
				CLANG_ANALYZER_NUMBER_OBJECT_CONVERSION = YES_AGGRESSIVE;
				CLANG_CXX_LANGUAGE_STANDARD = "gnu++20";
				CLANG_ENABLE_MODULES = YES;
				CLANG_ENABLE_OBJC_ARC = YES;
				CLANG_ENABLE_OBJC_WEAK = YES;
				CLANG_WARN_BLOCK_CAPTURE_AUTORELEASING = YES;
				CLANG_WARN_BOOL_CONVERSION = YES;
				CLANG_WARN_COMMA = YES;
				CLANG_WARN_CONSTANT_CONVERSION = YES;
				CLANG_WARN_DEPRECATED_OBJC_IMPLEMENTATIONS = YES;
				CLANG_WARN_DIRECT_OBJC_ISA_USAGE = YES_ERROR;
				CLANG_WARN_DOCUMENTATION_COMMENTS = YES;
				CLANG_WARN_EMPTY_BODY = YES;
				CLANG_WARN_ENUM_CONVERSION = YES;
				CLANG_WARN_INFINITE_RECURSION = YES;
				CLANG_WARN_INT_CONVERSION = YES;
				CLANG_WARN_NON_LITERAL_NULL_CONVERSION = YES;
				CLANG_WARN_OBJC_IMPLICIT_RETAIN_SELF = YES;
				CLANG_WARN_OBJC_LITERAL_CONVERSION = YES;
				CLANG_WARN_OBJC_ROOT_CLASS = YES_ERROR;
				CLANG_WARN_QUOTED_INCLUDE_IN_FRAMEWORK_HEADER = YES;
				CLANG_WARN_RANGE_LOOP_ANALYSIS = YES;
				CLANG_WARN_STRICT_PROTOTYPES = YES;
				CLANG_WARN_SUSPICIOUS_MOVE = YES;
				CLANG_WARN_UNGUARDED_AVAILABILITY = YES_AGGRESSIVE;
				CLANG_WARN_UNREACHABLE_CODE = YES;
				CLANG_WARN__DUPLICATE_METHOD_MATCH = YES;
				COPY_PHASE_STRIP = NO;
				DEBUG_INFORMATION_FORMAT = "dwarf-with-dsym";
				ENABLE_NS_ASSERTIONS = NO;
				ENABLE_STRICT_OBJC_MSGSEND = YES;
				ENABLE_USER_SCRIPT_SANDBOXING = YES;
				GCC_C_LANGUAGE_STANDARD = gnu17;
				GCC_NO_COMMON_BLOCKS = YES;
				GCC_WARN_64_TO_32_BIT_CONVERSION = YES;
				GCC_WARN_ABOUT_RETURN_TYPE = YES_ERROR;
				GCC_WARN_UNDECLARED_SELECTOR = YES;
				GCC_WARN_UNINITIALIZED_AUTOS = YES_AGGRESSIVE;
				GCC_WARN_UNUSED_FUNCTION = YES;
				GCC_WARN_UNUSED_VARIABLE = YES;
				IPHONEOS_DEPLOYMENT_TARGET = 17.5;
				LOCALIZATION_PREFERS_STRING_CATALOGS = YES;
				MTL_ENABLE_DEBUG_INFO = NO;
				MTL_FAST_MATH = YES;
				SDKROOT = iphoneos;
				SWIFT_COMPILATION_MODE = wholemodule;
				VALIDATE_PRODUCT = YES;
			};
			name = Release;
		};
		77C4E8482CD4AAC100AD3108 /* Debug */ = {
			isa = XCBuildConfiguration;
			buildSettings = {
				ASSETCATALOG_COMPILER_APPICON_NAME = AppIcon;
				ASSETCATALOG_COMPILER_GLOBAL_ACCENT_COLOR_NAME = AccentColor;
				CLANG_ENABLE_MODULES = YES;
				CODE_SIGN_STYLE = Automatic;
				CURRENT_PROJECT_VERSION = 1;
				DEVELOPMENT_ASSET_PATHS = "\"BarcodeScannerApp/Preview Content\"";
				DEVELOPMENT_TEAM = Z8B4PM98Y3;
				ENABLE_PREVIEWS = YES;
				GENERATE_INFOPLIST_FILE = YES;
				INFOPLIST_KEY_NSCameraUsageDescription = "Camera permission needed for barcode scan.";
				INFOPLIST_KEY_UIApplicationSceneManifest_Generation = YES;
				INFOPLIST_KEY_UIApplicationSupportsIndirectInputEvents = YES;
				INFOPLIST_KEY_UILaunchScreen_Generation = YES;
				INFOPLIST_KEY_UISupportedInterfaceOrientations_iPad = "UIInterfaceOrientationPortrait UIInterfaceOrientationPortraitUpsideDown UIInterfaceOrientationLandscapeLeft UIInterfaceOrientationLandscapeRight";
				INFOPLIST_KEY_UISupportedInterfaceOrientations_iPhone = "UIInterfaceOrientationPortrait UIInterfaceOrientationLandscapeLeft UIInterfaceOrientationLandscapeRight";
				LD_RUNPATH_SEARCH_PATHS = (
					"$(inherited)",
					"@executable_path/Frameworks",
				);
				MARKETING_VERSION = 1.0;
				PRODUCT_BUNDLE_IDENTIFIER = kumar.praveen.com.BarcodeScannerApp;
				PRODUCT_NAME = "$(TARGET_NAME)";
				SWIFT_EMIT_LOC_STRINGS = YES;
				SWIFT_OBJC_BRIDGING_HEADER = "BarcodeScannerApp/BarcodeScannerApp-Bridging-Header.h";
				SWIFT_OPTIMIZATION_LEVEL = "-Onone";
				SWIFT_VERSION = 5.0;
				TARGETED_DEVICE_FAMILY = "1,2";
			};
			name = Debug;
		};
		77C4E8492CD4AAC100AD3108 /* Release */ = {
			isa = XCBuildConfiguration;
			buildSettings = {
				ASSETCATALOG_COMPILER_APPICON_NAME = AppIcon;
				ASSETCATALOG_COMPILER_GLOBAL_ACCENT_COLOR_NAME = AccentColor;
				CLANG_ENABLE_MODULES = YES;
				CODE_SIGN_STYLE = Automatic;
				CURRENT_PROJECT_VERSION = 1;
				DEVELOPMENT_ASSET_PATHS = "\"BarcodeScannerApp/Preview Content\"";
				DEVELOPMENT_TEAM = Z8B4PM98Y3;
				ENABLE_PREVIEWS = YES;
				GENERATE_INFOPLIST_FILE = YES;
				INFOPLIST_KEY_NSCameraUsageDescription = "Camera permission needed for barcode scan.";
				INFOPLIST_KEY_UIApplicationSceneManifest_Generation = YES;
				INFOPLIST_KEY_UIApplicationSupportsIndirectInputEvents = YES;
				INFOPLIST_KEY_UILaunchScreen_Generation = YES;
				INFOPLIST_KEY_UISupportedInterfaceOrientations_iPad = "UIInterfaceOrientationPortrait UIInterfaceOrientationPortraitUpsideDown UIInterfaceOrientationLandscapeLeft UIInterfaceOrientationLandscapeRight";
				INFOPLIST_KEY_UISupportedInterfaceOrientations_iPhone = "UIInterfaceOrientationPortrait UIInterfaceOrientationLandscapeLeft UIInterfaceOrientationLandscapeRight";
				LD_RUNPATH_SEARCH_PATHS = (
					"$(inherited)",
					"@executable_path/Frameworks",
				);
				MARKETING_VERSION = 1.0;
				PRODUCT_BUNDLE_IDENTIFIER = kumar.praveen.com.BarcodeScannerApp;
				PRODUCT_NAME = "$(TARGET_NAME)";
				SWIFT_EMIT_LOC_STRINGS = YES;
				SWIFT_OBJC_BRIDGING_HEADER = "BarcodeScannerApp/BarcodeScannerApp-Bridging-Header.h";
				SWIFT_VERSION = 5.0;
				TARGETED_DEVICE_FAMILY = "1,2";
			};
			name = Release;
		};
		77C4E84B2CD4AAC100AD3108 /* Debug */ = {
			isa = XCBuildConfiguration;
			buildSettings = {
				ALWAYS_EMBED_SWIFT_STANDARD_LIBRARIES = YES;
				BUNDLE_LOADER = "$(TEST_HOST)";
				CODE_SIGN_STYLE = Automatic;
				CURRENT_PROJECT_VERSION = 1;
				DEVELOPMENT_TEAM = Z8B4PM98Y3;
				GENERATE_INFOPLIST_FILE = YES;
				IPHONEOS_DEPLOYMENT_TARGET = 17.5;
				MARKETING_VERSION = 1.0;
				PRODUCT_BUNDLE_IDENTIFIER = kumar.praveen.com.BarcodeScannerAppTests;
				PRODUCT_NAME = "$(TARGET_NAME)";
				SWIFT_EMIT_LOC_STRINGS = NO;
				SWIFT_VERSION = 5.0;
				TARGETED_DEVICE_FAMILY = "1,2";
				TEST_HOST = "$(BUILT_PRODUCTS_DIR)/BarcodeScannerApp.app/$(BUNDLE_EXECUTABLE_FOLDER_PATH)/BarcodeScannerApp";
			};
			name = Debug;
		};
		77C4E84C2CD4AAC100AD3108 /* Release */ = {
			isa = XCBuildConfiguration;
			buildSettings = {
				ALWAYS_EMBED_SWIFT_STANDARD_LIBRARIES = YES;
				BUNDLE_LOADER = "$(TEST_HOST)";
				CODE_SIGN_STYLE = Automatic;
				CURRENT_PROJECT_VERSION = 1;
				DEVELOPMENT_TEAM = Z8B4PM98Y3;
				GENERATE_INFOPLIST_FILE = YES;
				IPHONEOS_DEPLOYMENT_TARGET = 17.5;
				MARKETING_VERSION = 1.0;
				PRODUCT_BUNDLE_IDENTIFIER = kumar.praveen.com.BarcodeScannerAppTests;
				PRODUCT_NAME = "$(TARGET_NAME)";
				SWIFT_EMIT_LOC_STRINGS = NO;
				SWIFT_VERSION = 5.0;
				TARGETED_DEVICE_FAMILY = "1,2";
				TEST_HOST = "$(BUILT_PRODUCTS_DIR)/BarcodeScannerApp.app/$(BUNDLE_EXECUTABLE_FOLDER_PATH)/BarcodeScannerApp";
			};
			name = Release;
		};
		77C4E84E2CD4AAC100AD3108 /* Debug */ = {
			isa = XCBuildConfiguration;
			buildSettings = {
				ALWAYS_EMBED_SWIFT_STANDARD_LIBRARIES = YES;
				CODE_SIGN_STYLE = Automatic;
				CURRENT_PROJECT_VERSION = 1;
				DEVELOPMENT_TEAM = Z8B4PM98Y3;
				GENERATE_INFOPLIST_FILE = YES;
				MARKETING_VERSION = 1.0;
				PRODUCT_BUNDLE_IDENTIFIER = kumar.praveen.com.BarcodeScannerAppUITests;
				PRODUCT_NAME = "$(TARGET_NAME)";
				SWIFT_EMIT_LOC_STRINGS = NO;
				SWIFT_VERSION = 5.0;
				TARGETED_DEVICE_FAMILY = "1,2";
				TEST_TARGET_NAME = BarcodeScannerApp;
			};
			name = Debug;
		};
		77C4E84F2CD4AAC100AD3108 /* Release */ = {
			isa = XCBuildConfiguration;
			buildSettings = {
				ALWAYS_EMBED_SWIFT_STANDARD_LIBRARIES = YES;
				CODE_SIGN_STYLE = Automatic;
				CURRENT_PROJECT_VERSION = 1;
				DEVELOPMENT_TEAM = Z8B4PM98Y3;
				GENERATE_INFOPLIST_FILE = YES;
				MARKETING_VERSION = 1.0;
				PRODUCT_BUNDLE_IDENTIFIER = kumar.praveen.com.BarcodeScannerAppUITests;
				PRODUCT_NAME = "$(TARGET_NAME)";
				SWIFT_EMIT_LOC_STRINGS = NO;
				SWIFT_VERSION = 5.0;
				TARGETED_DEVICE_FAMILY = "1,2";
				TEST_TARGET_NAME = BarcodeScannerApp;
			};
			name = Release;
		};
/* End XCBuildConfiguration section */

/* Begin XCConfigurationList section */
		77C4E81E2CD4AAC000AD3108 /* Build configuration list for PBXProject "BarcodeScannerApp" */ = {
			isa = XCConfigurationList;
			buildConfigurations = (
				77C4E8452CD4AAC100AD3108 /* Debug */,
				77C4E8462CD4AAC100AD3108 /* Release */,
			);
			defaultConfigurationIsVisible = 0;
			defaultConfigurationName = Release;
		};
		77C4E8472CD4AAC100AD3108 /* Build configuration list for PBXNativeTarget "BarcodeScannerApp" */ = {
			isa = XCConfigurationList;
			buildConfigurations = (
				77C4E8482CD4AAC100AD3108 /* Debug */,
				77C4E8492CD4AAC100AD3108 /* Release */,
			);
			defaultConfigurationIsVisible = 0;
			defaultConfigurationName = Release;
		};
		77C4E84A2CD4AAC100AD3108 /* Build configuration list for PBXNativeTarget "BarcodeScannerAppTests" */ = {
			isa = XCConfigurationList;
			buildConfigurations = (
				77C4E84B2CD4AAC100AD3108 /* Debug */,
				77C4E84C2CD4AAC100AD3108 /* Release */,
			);
			defaultConfigurationIsVisible = 0;
			defaultConfigurationName = Release;
		};
		77C4E84D2CD4AAC100AD3108 /* Build configuration list for PBXNativeTarget "BarcodeScannerAppUITests" */ = {
			isa = XCConfigurationList;
			buildConfigurations = (
				77C4E84E2CD4AAC100AD3108 /* Debug */,
				77C4E84F2CD4AAC100AD3108 /* Release */,
			);
			defaultConfigurationIsVisible = 0;
			defaultConfigurationName = Release;
		};
/* End XCConfigurationList section */
	};
	rootObject = 77C4E81B2CD4AAC000AD3108 /* Project object */;
}
